
Microsoft Visual Studio Solution File, Format Version 12.00
# Visual Studio 15
VisualStudioVersion = 15.0.27703.2042
MinimumVisualStudioVersion = 10.0.40219.1
Project("{FAE04EC0-301F-11D3-BF4B-00C04F79EFBC}") = "ExistingDbConnection", "ExistingDbConnection\ExistingDbConnection.csproj", "{F743082E-D800-4E82-8BFA-EAD70DC1A910}"
EndProject
Global
	GlobalSection(SolutionConfigurationPlatforms) = preSolution
		Debug|Any CPU = Debug|Any CPU
		Release|Any CPU = Release|Any CPU
	EndGlobalSection
	GlobalSection(ProjectConfigurationPlatforms) = postSolution
		{F743082E-D800-4E82-8BFA-EAD70DC1A910}.Debug|Any CPU.ActiveCfg = Debug|Any CPU
		{F743082E-D800-4E82-8BFA-EAD70DC1A910}.Debug|Any CPU.Build.0 = Debug|Any CPU
		{F743082E-D800-4E82-8BFA-EAD70DC1A910}.Release|Any CPU.ActiveCfg = Release|Any CPU
		{F743082E-D800-4E82-8BFA-EAD70DC1A910}.Release|Any CPU.Build.0 = Release|Any CPU
	EndGlobalSection
	GlobalSection(SolutionProperties) = preSolution
		HideSolutionNode = FALSE
	EndGlobalSection
	GlobalSection(ExtensibilityGlobals) = postSolution
		SolutionGuid = {F54759FF-5F6E-4082-A45A-5887380B8B05}
	EndGlobalSection
EndGlobal
